github.com/boltdb/bolt v1.3.1 h1:JQmyP4ZBrce+ZQu0dY660FMfatumYDLun9hBCUVIkF4=
github.com/boltdb/bolt v1.3.1/go.mod h1:clJnj/oiGkjum5o1McbSZDSLxVThjynRyGBgiAx27Ps=
github.com/heketi/heketi v9.0.0+incompatible h1:B2ACAbYsCHkJXKozYVV7p2j+eEy/zNlLsicihMWCk30=
github.com/heketi/heketi v9.0.0+incompatible/go.mod h1:bB9ly3RchcQqsQ9CpyaQwvva7RS5ytVoSoholZQON6o=
